
Microsoft Visual Studio Solution File, Format Version 12.00
# Visual Studio 15
VisualStudioVersion = 15.0.28010.2036
MinimumVisualStudioVersion = 10.0.40219.1
Project("{FAE04EC0-301F-11D3-BF4B-00C04F79EFBC}") = "InzBackApi", "InzBackApi\InzBackApi.csproj", "{97FEF5A3-357F-460F-A43B-F93F4FF44375}"
EndProject
Project("{FAE04EC0-301F-11D3-BF4B-00C04F79EFBC}") = "InzBackCore", "InzBackCore\InzBackCore.csproj", "{AF91AE81-EBD3-4FBE-B1F7-BD412AD7A28E}"
EndProject
Project("{FAE04EC0-301F-11D3-BF4B-00C04F79EFBC}") = "InzBackInfrastructure", "InzBackInfrastructure\InzBackInfrastructure.csproj", "{1769906A-C644-4F17-87AF-29096130FE41}"
EndProject
Global
	GlobalSection(SolutionConfigurationPlatforms) = preSolution
		Debug|Any CPU = Debug|Any CPU
		Release|Any CPU = Release|Any CPU
	EndGlobalSection
	GlobalSection(ProjectConfigurationPlatforms) = postSolution
		{97FEF5A3-357F-460F-A43B-F93F4FF44375}.Debug|Any CPU.ActiveCfg = Debug|Any CPU
		{97FEF5A3-357F-460F-A43B-F93F4FF44375}.Debug|Any CPU.Build.0 = Debug|Any CPU
		{97FEF5A3-357F-460F-A43B-F93F4FF44375}.Release|Any CPU.ActiveCfg = Release|Any CPU
		{97FEF5A3-357F-460F-A43B-F93F4FF44375}.Release|Any CPU.Build.0 = Release|Any CPU
		{AF91AE81-EBD3-4FBE-B1F7-BD412AD7A28E}.Debug|Any CPU.ActiveCfg = Debug|Any CPU
		{AF91AE81-EBD3-4FBE-B1F7-BD412AD7A28E}.Debug|Any CPU.Build.0 = Debug|Any CPU
		{AF91AE81-EBD3-4FBE-B1F7-BD412AD7A28E}.Release|Any CPU.ActiveCfg = Release|Any CPU
		{AF91AE81-EBD3-4FBE-B1F7-BD412AD7A28E}.Release|Any CPU.Build.0 = Release|Any CPU
		{1769906A-C644-4F17-87AF-29096130FE41}.Debug|Any CPU.ActiveCfg = Debug|Any CPU
		{1769906A-C644-4F17-87AF-29096130FE41}.Debug|Any CPU.Build.0 = Debug|Any CPU
		{1769906A-C644-4F17-87AF-29096130FE41}.Release|Any CPU.ActiveCfg = Release|Any CPU
		{1769906A-C644-4F17-87AF-29096130FE41}.Release|Any CPU.Build.0 = Release|Any CPU
	EndGlobalSection
	GlobalSection(SolutionProperties) = preSolution
		HideSolutionNode = FALSE
	EndGlobalSection
	GlobalSection(ExtensibilityGlobals) = postSolution
		SolutionGuid = {E8DF595C-4CF8-4FAD-A427-38DD783CD787}
	EndGlobalSection
EndGlobal
